
Microsoft Visual Studio Solution File, Format Version 12.00
# Visual Studio Version 16
VisualStudioVersion = 16.0.30611.23
MinimumVisualStudioVersion = 10.0.40219.1
Project("{F2A71F9B-5D33-465A-A702-920D77279786}") = "Azure.Functions.EventStore", "Azure.Functions.EventStore\Azure.Functions.EventStore.fsproj", "{1103AED9-37DB-4F16-A464-1ED936F8753F}"
EndProject
Project("{6EC3EE1D-3C4E-46DD-8F32-0CC8E7565705}") = "01_EventStore.Specification", "EventStore.Specification\01_EventStore.Specification.fsproj", "{AC93D91A-148A-43BE-B2F4-D832FD598A27}"
EndProject
Project("{FAE04EC0-301F-11D3-BF4B-00C04F79EFBC}") = "Azure.Functions.EventStore.Tests", "EventStore.AzureFunctions.Tests\Azure.Functions.EventStore.Tests.csproj", "{4432E2D9-6E22-49B7-A8E6-CC2C0DAE483D}"
EndProject
Project("{2150E333-8FDC-42A3-9474-1A3956D46DE8}") = "Specification", "Specification", "{06E8F552-E98E-4AC4-9CEF-2724295B4573}"
EndProject
Project("{F2A71F9B-5D33-465A-A702-920D77279786}") = "00_Event.Specification", "Event.Specification\00_Event.Specification.fsproj", "{BE0F2502-5D7C-4C5B-8B6B-3EFCD68B1A36}"
EndProject
Global
	GlobalSection(SolutionConfigurationPlatforms) = preSolution
		Debug|Any CPU = Debug|Any CPU
		Release|Any CPU = Release|Any CPU
	EndGlobalSection
	GlobalSection(ProjectConfigurationPlatforms) = postSolution
		{1103AED9-37DB-4F16-A464-1ED936F8753F}.Debug|Any CPU.ActiveCfg = Debug|Any CPU
		{1103AED9-37DB-4F16-A464-1ED936F8753F}.Debug|Any CPU.Build.0 = Debug|Any CPU
		{1103AED9-37DB-4F16-A464-1ED936F8753F}.Release|Any CPU.ActiveCfg = Release|Any CPU
		{1103AED9-37DB-4F16-A464-1ED936F8753F}.Release|Any CPU.Build.0 = Release|Any CPU
		{AC93D91A-148A-43BE-B2F4-D832FD598A27}.Debug|Any CPU.ActiveCfg = Debug|Any CPU
		{AC93D91A-148A-43BE-B2F4-D832FD598A27}.Debug|Any CPU.Build.0 = Debug|Any CPU
		{AC93D91A-148A-43BE-B2F4-D832FD598A27}.Release|Any CPU.ActiveCfg = Release|Any CPU
		{AC93D91A-148A-43BE-B2F4-D832FD598A27}.Release|Any CPU.Build.0 = Release|Any CPU
		{4432E2D9-6E22-49B7-A8E6-CC2C0DAE483D}.Debug|Any CPU.ActiveCfg = Debug|Any CPU
		{4432E2D9-6E22-49B7-A8E6-CC2C0DAE483D}.Debug|Any CPU.Build.0 = Debug|Any CPU
		{4432E2D9-6E22-49B7-A8E6-CC2C0DAE483D}.Release|Any CPU.ActiveCfg = Release|Any CPU
		{4432E2D9-6E22-49B7-A8E6-CC2C0DAE483D}.Release|Any CPU.Build.0 = Release|Any CPU
		{BE0F2502-5D7C-4C5B-8B6B-3EFCD68B1A36}.Debug|Any CPU.ActiveCfg = Debug|Any CPU
		{BE0F2502-5D7C-4C5B-8B6B-3EFCD68B1A36}.Debug|Any CPU.Build.0 = Debug|Any CPU
		{BE0F2502-5D7C-4C5B-8B6B-3EFCD68B1A36}.Release|Any CPU.ActiveCfg = Release|Any CPU
		{BE0F2502-5D7C-4C5B-8B6B-3EFCD68B1A36}.Release|Any CPU.Build.0 = Release|Any CPU
	EndGlobalSection
	GlobalSection(SolutionProperties) = preSolution
		HideSolutionNode = FALSE
	EndGlobalSection
	GlobalSection(NestedProjects) = preSolution
		{AC93D91A-148A-43BE-B2F4-D832FD598A27} = {06E8F552-E98E-4AC4-9CEF-2724295B4573}
		{4432E2D9-6E22-49B7-A8E6-CC2C0DAE483D} = {06E8F552-E98E-4AC4-9CEF-2724295B4573}
		{BE0F2502-5D7C-4C5B-8B6B-3EFCD68B1A36} = {06E8F552-E98E-4AC4-9CEF-2724295B4573}
	EndGlobalSection
	GlobalSection(ExtensibilityGlobals) = postSolution
		SolutionGuid = {F0A12C9C-C815-43BA-8DEA-5D4D52C3C4F0}
	EndGlobalSection
EndGlobal
